// !$*UTF8*$!
{
	archiveVersion = 1;
	classes = {
	};
	objectVersion = 51;
	objects = {

/* Begin PBXBuildFile section */
		080BFDEA2271043800F668F3 /* AppDelegate.swift in Sources */ = {isa = PBXBuildFile; fileRef = 080BFDE92271043800F668F3 /* AppDelegate.swift */; };
		080BFDEC2271043800F668F3 /* CenterViewController.swift in Sources */ = {isa = PBXBuildFile; fileRef = 080BFDEB2271043800F668F3 /* CenterViewController.swift */; };
		080BFDF12271043A00F668F3 /* Assets.xcassets in Resources */ = {isa = PBXBuildFile; fileRef = 080BFDF02271043A00F668F3 /* Assets.xcassets */; };
		080BFDF42271043A00F668F3 /* LaunchScreen.storyboard in Resources */ = {isa = PBXBuildFile; fileRef = 080BFDF22271043A00F668F3 /* LaunchScreen.storyboard */; };
		080BFDFD2271FA5100F668F3 /* WebKit.framework in Frameworks */ = {isa = PBXBuildFile; fileRef = 080BFDFC2271FA5100F668F3 /* WebKit.framework */; };
		086A89D7229F63C800F7C764 /* SMCloudServices.framework in Frameworks */ = {isa = PBXBuildFile; fileRef = 086A89D4229F63C600F7C764 /* SMCloudServices.framework */; };
		086A89D8229F63C800F7C764 /* StarIO.framework in Frameworks */ = {isa = PBXBuildFile; fileRef = 086A89D5229F63C700F7C764 /* StarIO.framework */; };
		086A89D9229F63C800F7C764 /* StarIO_Extension.framework in Frameworks */ = {isa = PBXBuildFile; fileRef = 086A89D6229F63C800F7C764 /* StarIO_Extension.framework */; };
		086A89DC229F6B1000F7C764 /* SettingManager.swift in Sources */ = {isa = PBXBuildFile; fileRef = 086A89DB229F6B1000F7C764 /* SettingManager.swift */; };
		086A89DE229F6BA100F7C764 /* ModelCapability.swift in Sources */ = {isa = PBXBuildFile; fileRef = 086A89DD229F6BA100F7C764 /* ModelCapability.swift */; };
		086A89E0229F6D3600F7C764 /* PrinterFunctions.swift in Sources */ = {isa = PBXBuildFile; fileRef = 086A89DF229F6D3600F7C764 /* PrinterFunctions.swift */; };
		086A89E3229F6DC100F7C764 /* EnglishReceiptsImpl.swift in Sources */ = {isa = PBXBuildFile; fileRef = 086A89E1229F6DC100F7C764 /* EnglishReceiptsImpl.swift */; };
		086A89E4229F6DC100F7C764 /* ILocalizeReceipts.swift in Sources */ = {isa = PBXBuildFile; fileRef = 086A89E2229F6DC100F7C764 /* ILocalizeReceipts.swift */; };
		086A89E6229F6FFD00F7C764 /* CoreBluetooth.framework in Frameworks */ = {isa = PBXBuildFile; fileRef = 086A89E5229F6FEF00F7C764 /* CoreBluetooth.framework */; };
		086A89E8229F731300F7C764 /* Communication.swift in Sources */ = {isa = PBXBuildFile; fileRef = 086A89E7229F731300F7C764 /* Communication.swift */; };
		086A89EA229F735700F7C764 /* GlobalQueueManager.swift in Sources */ = {isa = PBXBuildFile; fileRef = 086A89E9229F735700F7C764 /* GlobalQueueManager.swift */; };
		086A89EC229F73A000F7C764 /* SMDefine.swift in Sources */ = {isa = PBXBuildFile; fileRef = 086A89EB229F73A000F7C764 /* SMDefine.swift */; };
		08D627FC22720BE7004BCF91 /* Extensions.swift in Sources */ = {isa = PBXBuildFile; fileRef = 08D627FB22720BE7004BCF91 /* Extensions.swift */; };
		A5BCC1ECE914650351B07927 /* Pods_kiosk.framework in Frameworks */ = {isa = PBXBuildFile; fileRef = 5AA5F870B1A1A836C5BAD34E /* Pods_kiosk.framework */; };
/* End PBXBuildFile section */

/* Begin PBXFileReference section */
		080BFDE62271043800F668F3 /* kiosk.app */ = {isa = PBXFileReference; explicitFileType = wrapper.application; includeInIndex = 0; path = kiosk.app; sourceTree = BUILT_PRODUCTS_DIR; };
		080BFDE92271043800F668F3 /* AppDelegate.swift */ = {isa = PBXFileReference; lastKnownFileType = sourcecode.swift; path = AppDelegate.swift; sourceTree = "<group>"; };
		080BFDEB2271043800F668F3 /* CenterViewController.swift */ = {isa = PBXFileReference; lastKnownFileType = sourcecode.swift; path = CenterViewController.swift; sourceTree = "<group>"; };
		080BFDF02271043A00F668F3 /* Assets.xcassets */ = {isa = PBXFileReference; lastKnownFileType = folder.assetcatalog; path = Assets.xcassets; sourceTree = "<group>"; };
		080BFDF32271043A00F668F3 /* Base */ = {isa = PBXFileReference; lastKnownFileType = file.storyboard; name = Base; path = Base.lproj/LaunchScreen.storyboard; sourceTree = "<group>"; };
		080BFDF52271043A00F668F3 /* Info.plist */ = {isa = PBXFileReference; lastKnownFileType = text.plist.xml; path = Info.plist; sourceTree = "<group>"; };
		080BFDFC2271FA5100F668F3 /* WebKit.framework */ = {isa = PBXFileReference; lastKnownFileType = wrapper.framework; name = WebKit.framework; path = System/Library/Frameworks/WebKit.framework; sourceTree = SDKROOT; };
		086A89D4229F63C600F7C764 /* SMCloudServices.framework */ = {isa = PBXFileReference; lastKnownFileType = wrapper.framework; path = SMCloudServices.framework; sourceTree = "<group>"; };
		086A89D5229F63C700F7C764 /* StarIO.framework */ = {isa = PBXFileReference; lastKnownFileType = wrapper.framework; path = StarIO.framework; sourceTree = "<group>"; };
		086A89D6229F63C800F7C764 /* StarIO_Extension.framework */ = {isa = PBXFileReference; lastKnownFileType = wrapper.framework; path = StarIO_Extension.framework; sourceTree = "<group>"; };
		086A89DA229F66A300F7C764 /* Bridging-Header.h */ = {isa = PBXFileReference; lastKnownFileType = sourcecode.c.h; path = "Bridging-Header.h"; sourceTree = "<group>"; };
		086A89DB229F6B1000F7C764 /* SettingManager.swift */ = {isa = PBXFileReference; fileEncoding = 4; lastKnownFileType = sourcecode.swift; path = SettingManager.swift; sourceTree = "<group>"; };
		086A89DD229F6BA100F7C764 /* ModelCapability.swift */ = {isa = PBXFileReference; fileEncoding = 4; lastKnownFileType = sourcecode.swift; path = ModelCapability.swift; sourceTree = "<group>"; };
		086A89DF229F6D3600F7C764 /* PrinterFunctions.swift */ = {isa = PBXFileReference; fileEncoding = 4; lastKnownFileType = sourcecode.swift; path = PrinterFunctions.swift; sourceTree = "<group>"; };
		086A89E1229F6DC100F7C764 /* EnglishReceiptsImpl.swift */ = {isa = PBXFileReference; fileEncoding = 4; lastKnownFileType = sourcecode.swift; path = EnglishReceiptsImpl.swift; sourceTree = "<group>"; };
		086A89E2229F6DC100F7C764 /* ILocalizeReceipts.swift */ = {isa = PBXFileReference; fileEncoding = 4; lastKnownFileType = sourcecode.swift; path = ILocalizeReceipts.swift; sourceTree = "<group>"; };
		086A89E5229F6FEF00F7C764 /* CoreBluetooth.framework */ = {isa = PBXFileReference; lastKnownFileType = wrapper.framework; name = CoreBluetooth.framework; path = System/Library/Frameworks/CoreBluetooth.framework; sourceTree = SDKROOT; };
		086A89E7229F731300F7C764 /* Communication.swift */ = {isa = PBXFileReference; fileEncoding = 4; lastKnownFileType = sourcecode.swift; path = Communication.swift; sourceTree = "<group>"; };
		086A89E9229F735700F7C764 /* GlobalQueueManager.swift */ = {isa = PBXFileReference; fileEncoding = 4; lastKnownFileType = sourcecode.swift; path = GlobalQueueManager.swift; sourceTree = "<group>"; };
		086A89EB229F73A000F7C764 /* SMDefine.swift */ = {isa = PBXFileReference; fileEncoding = 4; lastKnownFileType = sourcecode.swift; path = SMDefine.swift; sourceTree = "<group>"; };
		08D627FB22720BE7004BCF91 /* Extensions.swift */ = {isa = PBXFileReference; lastKnownFileType = sourcecode.swift; path = Extensions.swift; sourceTree = "<group>"; };
		4421B9AA5D3E6523022444D0 /* Pods-kiosk.debug.xcconfig */ = {isa = PBXFileReference; includeInIndex = 1; lastKnownFileType = text.xcconfig; name = "Pods-kiosk.debug.xcconfig"; path = "Pods/Target Support Files/Pods-kiosk/Pods-kiosk.debug.xcconfig"; sourceTree = "<group>"; };
		5AA5F870B1A1A836C5BAD34E /* Pods_kiosk.framework */ = {isa = PBXFileReference; explicitFileType = wrapper.framework; includeInIndex = 0; path = Pods_kiosk.framework; sourceTree = BUILT_PRODUCTS_DIR; };
		881EE58E55B7155E3B6138FE /* Pods-kiosk.release.xcconfig */ = {isa = PBXFileReference; includeInIndex = 1; lastKnownFileType = text.xcconfig; name = "Pods-kiosk.release.xcconfig"; path = "Pods/Target Support Files/Pods-kiosk/Pods-kiosk.release.xcconfig"; sourceTree = "<group>"; };
/* End PBXFileReference section */

/* Begin PBXFrameworksBuildPhase section */
		080BFDE32271043800F668F3 /* Frameworks */ = {
			isa = PBXFrameworksBuildPhase;
			buildActionMask = 2147483647;
			files = (
				086A89E6229F6FFD00F7C764 /* CoreBluetooth.framework in Frameworks */,
				080BFDFD2271FA5100F668F3 /* WebKit.framework in Frameworks */,
				086A89D7229F63C800F7C764 /* SMCloudServices.framework in Frameworks */,
				086A89D8229F63C800F7C764 /* StarIO.framework in Frameworks */,
				A5BCC1ECE914650351B07927 /* Pods_kiosk.framework in Frameworks */,
				086A89D9229F63C800F7C764 /* StarIO_Extension.framework in Frameworks */,
			);
			runOnlyForDeploymentPostprocessing = 0;
		};
/* End PBXFrameworksBuildPhase section */

/* Begin PBXGroup section */
		080BFDDD2271043700F668F3 = {
			isa = PBXGroup;
			children = (
				080BFDE82271043800F668F3 /* kiosk */,
				080BFDE72271043800F668F3 /* Products */,
				080BFDFB2271FA5100F668F3 /* Frameworks */,
				9229309224B40DA4B5785370 /* Pods */,
			);
			sourceTree = "<group>";
		};
		080BFDE72271043800F668F3 /* Products */ = {
			isa = PBXGroup;
			children = (
				080BFDE62271043800F668F3 /* kiosk.app */,
			);
			name = Products;
			sourceTree = "<group>";
		};
		080BFDE82271043800F668F3 /* kiosk */ = {
			isa = PBXGroup;
			children = (
				080BFDE92271043800F668F3 /* AppDelegate.swift */,
				080BFDF52271043A00F668F3 /* Info.plist */,
				080BFDF02271043A00F668F3 /* Assets.xcassets */,
				080BFDF22271043A00F668F3 /* LaunchScreen.storyboard */,
				086A89DA229F66A300F7C764 /* Bridging-Header.h */,
				080BFDEB2271043800F668F3 /* CenterViewController.swift */,
				08D627FB22720BE7004BCF91 /* Extensions.swift */,
				0886967722CD1A6F00FD1398 /* Star */,
			);
			path = kiosk;
			sourceTree = "<group>";
		};
		080BFDFB2271FA5100F668F3 /* Frameworks */ = {
			isa = PBXGroup;
			children = (
				086A89E5229F6FEF00F7C764 /* CoreBluetooth.framework */,
				086A89D4229F63C600F7C764 /* SMCloudServices.framework */,
				086A89D6229F63C800F7C764 /* StarIO_Extension.framework */,
				086A89D5229F63C700F7C764 /* StarIO.framework */,
				080BFDFC2271FA5100F668F3 /* WebKit.framework */,
				5AA5F870B1A1A836C5BAD34E /* Pods_kiosk.framework */,
			);
			name = Frameworks;
			sourceTree = "<group>";
		};
		0886967722CD1A6F00FD1398 /* Star */ = {
			isa = PBXGroup;
			children = (
				086A89E1229F6DC100F7C764 /* EnglishReceiptsImpl.swift */,
				086A89E2229F6DC100F7C764 /* ILocalizeReceipts.swift */,
				086A89E9229F735700F7C764 /* GlobalQueueManager.swift */,
				086A89DB229F6B1000F7C764 /* SettingManager.swift */,
				086A89EB229F73A000F7C764 /* SMDefine.swift */,
				086A89DF229F6D3600F7C764 /* PrinterFunctions.swift */,
				086A89DD229F6BA100F7C764 /* ModelCapability.swift */,
				086A89E7229F731300F7C764 /* Communication.swift */,
			);
			path = Star;
			sourceTree = "<group>";
		};
		9229309224B40DA4B5785370 /* Pods */ = {
			isa = PBXGroup;
			children = (
				4421B9AA5D3E6523022444D0 /* Pods-kiosk.debug.xcconfig */,
				881EE58E55B7155E3B6138FE /* Pods-kiosk.release.xcconfig */,
			);
			name = Pods;
			sourceTree = "<group>";
		};
/* End PBXGroup section */

/* Begin PBXNativeTarget section */
		080BFDE52271043800F668F3 /* kiosk */ = {
			isa = PBXNativeTarget;
			buildConfigurationList = 080BFDF82271043A00F668F3 /* Build configuration list for PBXNativeTarget "kiosk" */;
			buildPhases = (
				A48CB00447640626F86916DE /* [CP] Check Pods Manifest.lock */,
				080BFDE22271043800F668F3 /* Sources */,
				080BFDE32271043800F668F3 /* Frameworks */,
				080BFDE42271043800F668F3 /* Resources */,
				529A154D955AC04248144CEE /* [CP] Embed Pods Frameworks */,
			);
			buildRules = (
			);
			dependencies = (
			);
			name = kiosk;
			productName = kiosk;
			productReference = 080BFDE62271043800F668F3 /* kiosk.app */;
			productType = "com.apple.product-type.application";
		};
/* End PBXNativeTarget section */

/* Begin PBXProject section */
		080BFDDE2271043700F668F3 /* Project object */ = {
			isa = PBXProject;
			attributes = {
				LastSwiftUpdateCheck = 1020;
				LastUpgradeCheck = 1020;
				ORGANIZATIONNAME = dubtel;
				TargetAttributes = {
					080BFDE52271043800F668F3 = {
						CreatedOnToolsVersion = 10.2.1;
					};
				};
			};
			buildConfigurationList = 080BFDE12271043700F668F3 /* Build configuration list for PBXProject "kiosk" */;
			compatibilityVersion = "Xcode 9.3";
			developmentRegion = en;
			hasScannedForEncodings = 0;
			knownRegions = (
				en,
				Base,
			);
			mainGroup = 080BFDDD2271043700F668F3;
			productRefGroup = 080BFDE72271043800F668F3 /* Products */;
			projectDirPath = "";
			projectRoot = "";
			targets = (
				080BFDE52271043800F668F3 /* kiosk */,
			);
		};
/* End PBXProject section */

/* Begin PBXResourcesBuildPhase section */
		080BFDE42271043800F668F3 /* Resources */ = {
			isa = PBXResourcesBuildPhase;
			buildActionMask = 2147483647;
			files = (
				080BFDF42271043A00F668F3 /* LaunchScreen.storyboard in Resources */,
				080BFDF12271043A00F668F3 /* Assets.xcassets in Resources */,
			);
			runOnlyForDeploymentPostprocessing = 0;
		};
/* End PBXResourcesBuildPhase section */

/* Begin PBXShellScriptBuildPhase section */
		529A154D955AC04248144CEE /* [CP] Embed Pods Frameworks */ = {
			isa = PBXShellScriptBuildPhase;
			buildActionMask = 2147483647;
			files = (
			);
			inputFileListPaths = (
				"${PODS_ROOT}/Target Support Files/Pods-kiosk/Pods-kiosk-frameworks-${CONFIGURATION}-input-files.xcfilelist",
			);
			name = "[CP] Embed Pods Frameworks";
			outputFileListPaths = (
				"${PODS_ROOT}/Target Support Files/Pods-kiosk/Pods-kiosk-frameworks-${CONFIGURATION}-output-files.xcfilelist",
			);
			runOnlyForDeploymentPostprocessing = 0;
			shellPath = /bin/sh;
			shellScript = "\"${PODS_ROOT}/Target Support Files/Pods-kiosk/Pods-kiosk-frameworks.sh\"\n";
			showEnvVarsInLog = 0;
		};
		A48CB00447640626F86916DE /* [CP] Check Pods Manifest.lock */ = {
			isa = PBXShellScriptBuildPhase;
			buildActionMask = 2147483647;
			files = (
			);
			inputPaths = (
				"${PODS_PODFILE_DIR_PATH}/Podfile.lock",
				"${PODS_ROOT}/Manifest.lock",
			);
			name = "[CP] Check Pods Manifest.lock";
			outputPaths = (
				"$(DERIVED_FILE_DIR)/Pods-kiosk-checkManifestLockResult.txt",
			);
			runOnlyForDeploymentPostprocessing = 0;
			shellPath = /bin/sh;
			shellScript = "diff \"${PODS_PODFILE_DIR_PATH}/Podfile.lock\" \"${PODS_ROOT}/Manifest.lock\" > /dev/null\nif [ $? != 0 ] ; then\n    # print error to STDERR\n    echo \"error: The sandbox is not in sync with the Podfile.lock. Run 'pod install' or update your CocoaPods installation.\" >&2\n    exit 1\nfi\n# This output is used by Xcode 'outputs' to avoid re-running this script phase.\necho \"SUCCESS\" > \"${SCRIPT_OUTPUT_FILE_0}\"\n";
			showEnvVarsInLog = 0;
		};
/* End PBXShellScriptBuildPhase section */

/* Begin PBXSourcesBuildPhase section */
		080BFDE22271043800F668F3 /* Sources */ = {
			isa = PBXSourcesBuildPhase;
			buildActionMask = 2147483647;
			files = (
				086A89DC229F6B1000F7C764 /* SettingManager.swift in Sources */,
				080BFDEC2271043800F668F3 /* CenterViewController.swift in Sources */,
				086A89E8229F731300F7C764 /* Communication.swift in Sources */,
				08D627FC22720BE7004BCF91 /* Extensions.swift in Sources */,
				080BFDEA2271043800F668F3 /* AppDelegate.swift in Sources */,
				086A89E3229F6DC100F7C764 /* EnglishReceiptsImpl.swift in Sources */,
				086A89E4229F6DC100F7C764 /* ILocalizeReceipts.swift in Sources */,
				086A89E0229F6D3600F7C764 /* PrinterFunctions.swift in Sources */,
				086A89EC229F73A000F7C764 /* SMDefine.swift in Sources */,
				086A89EA229F735700F7C764 /* GlobalQueueManager.swift in Sources */,
				086A89DE229F6BA100F7C764 /* ModelCapability.swift in Sources */,
			);
			runOnlyForDeploymentPostprocessing = 0;
		};
/* End PBXSourcesBuildPhase section */

/* Begin PBXVariantGroup section */
		080BFDF22271043A00F668F3 /* LaunchScreen.storyboard */ = {
			isa = PBXVariantGroup;
			children = (
				080BFDF32271043A00F668F3 /* Base */,
			);
			name = LaunchScreen.storyboard;
			sourceTree = "<group>";
		};
/* End PBXVariantGroup section */

/* Begin XCBuildConfiguration section */
		080BFDF62271043A00F668F3 /* Debug */ = {
			isa = XCBuildConfiguration;
			buildSettings = {
				ALWAYS_SEARCH_USER_PATHS = NO;
				CLANG_ANALYZER_NONNULL = YES;
				CLANG_ANALYZER_NUMBER_OBJECT_CONVERSION = YES_AGGRESSIVE;
				CLANG_CXX_LANGUAGE_STANDARD = "gnu++14";
				CLANG_CXX_LIBRARY = "libc++";
				CLANG_ENABLE_MODULES = YES;
				CLANG_ENABLE_OBJC_ARC = YES;
				CLANG_ENABLE_OBJC_WEAK = YES;
				CLANG_WARN_BLOCK_CAPTURE_AUTORELEASING = YES;
				CLANG_WARN_BOOL_CONVERSION = YES;
				CLANG_WARN_COMMA = YES;
				CLANG_WARN_CONSTANT_CONVERSION = YES;
				CLANG_WARN_DEPRECATED_OBJC_IMPLEMENTATIONS = YES;
				CLANG_WARN_DIRECT_OBJC_ISA_USAGE = YES_ERROR;
				CLANG_WARN_DOCUMENTATION_COMMENTS = YES;
				CLANG_WARN_EMPTY_BODY = YES;
				CLANG_WARN_ENUM_CONVERSION = YES;
				CLANG_WARN_INFINITE_RECURSION = YES;
				CLANG_WARN_INT_CONVERSION = YES;
				CLANG_WARN_NON_LITERAL_NULL_CONVERSION = YES;
				CLANG_WARN_OBJC_IMPLICIT_RETAIN_SELF = YES;
				CLANG_WARN_OBJC_LITERAL_CONVERSION = YES;
				CLANG_WARN_OBJC_ROOT_CLASS = YES_ERROR;
				CLANG_WARN_RANGE_LOOP_ANALYSIS = YES;
				CLANG_WARN_STRICT_PROTOTYPES = YES;
				CLANG_WARN_SUSPICIOUS_MOVE = YES;
				CLANG_WARN_UNGUARDED_AVAILABILITY = YES_AGGRESSIVE;
				CLANG_WARN_UNREACHABLE_CODE = YES;
				CLANG_WARN__DUPLICATE_METHOD_MATCH = YES;
				CODE_SIGN_IDENTITY = "iPhone Developer";
				COPY_PHASE_STRIP = NO;
				DEBUG_INFORMATION_FORMAT = dwarf;
				ENABLE_STRICT_OBJC_MSGSEND = YES;
				ENABLE_TESTABILITY = YES;
				GCC_C_LANGUAGE_STANDARD = gnu11;
				GCC_DYNAMIC_NO_PIC = NO;
				GCC_NO_COMMON_BLOCKS = YES;
				GCC_OPTIMIZATION_LEVEL = 0;
				GCC_PREPROCESSOR_DEFINITIONS = (
					"DEBUG=1",
					"$(inherited)",
				);
				GCC_WARN_64_TO_32_BIT_CONVERSION = YES;
				GCC_WARN_ABOUT_RETURN_TYPE = YES_ERROR;
				GCC_WARN_UNDECLARED_SELECTOR = YES;
				GCC_WARN_UNINITIALIZED_AUTOS = YES_AGGRESSIVE;
				GCC_WARN_UNUSED_FUNCTION = YES;
				GCC_WARN_UNUSED_VARIABLE = YES;
				IPHONEOS_DEPLOYMENT_TARGET = 12.2;
				MTL_ENABLE_DEBUG_INFO = INCLUDE_SOURCE;
				MTL_FAST_MATH = YES;
				ONLY_ACTIVE_ARCH = YES;
				SDKROOT = iphoneos;
				SWIFT_ACTIVE_COMPILATION_CONDITIONS = DEBUG;
				SWIFT_OPTIMIZATION_LEVEL = "-Onone";
			};
			name = Debug;
		};
		080BFDF72271043A00F668F3 /* Release */ = {
			isa = XCBuildConfiguration;
			buildSettings = {
				ALWAYS_SEARCH_USER_PATHS = NO;
				CLANG_ANALYZER_NONNULL = YES;
				CLANG_ANALYZER_NUMBER_OBJECT_CONVERSION = YES_AGGRESSIVE;
				CLANG_CXX_LANGUAGE_STANDARD = "gnu++14";
				CLANG_CXX_LIBRARY = "libc++";
				CLANG_ENABLE_MODULES = YES;
				CLANG_ENABLE_OBJC_ARC = YES;
				CLANG_ENABLE_OBJC_WEAK = YES;
				CLANG_WARN_BLOCK_CAPTURE_AUTORELEASING = YES;
				CLANG_WARN_BOOL_CONVERSION = YES;
				CLANG_WARN_COMMA = YES;
				CLANG_WARN_CONSTANT_CONVERSION = YES;
				CLANG_WARN_DEPRECATED_OBJC_IMPLEMENTATIONS = YES;
				CLANG_WARN_DIRECT_OBJC_ISA_USAGE = YES_ERROR;
				CLANG_WARN_DOCUMENTATION_COMMENTS = YES;
				CLANG_WARN_EMPTY_BODY = YES;
				CLANG_WARN_ENUM_CONVERSION = YES;
				CLANG_WARN_INFINITE_RECURSION = YES;
				CLANG_WARN_INT_CONVERSION = YES;
				CLANG_WARN_NON_LITERAL_NULL_CONVERSION = YES;
				CLANG_WARN_OBJC_IMPLICIT_RETAIN_SELF = YES;
				CLANG_WARN_OBJC_LITERAL_CONVERSION = YES;
				CLANG_WARN_OBJC_ROOT_CLASS = YES_ERROR;
				CLANG_WARN_RANGE_LOOP_ANALYSIS = YES;
				CLANG_WARN_STRICT_PROTOTYPES = YES;
				CLANG_WARN_SUSPICIOUS_MOVE = YES;
				CLANG_WARN_UNGUARDED_AVAILABILITY = YES_AGGRESSIVE;
				CLANG_WARN_UNREACHABLE_CODE = YES;
				CLANG_WARN__DUPLICATE_METHOD_MATCH = YES;
				CODE_SIGN_IDENTITY = "iPhone Developer";
				COPY_PHASE_STRIP = NO;
				DEBUG_INFORMATION_FORMAT = "dwarf-with-dsym";
				ENABLE_NS_ASSERTIONS = NO;
				ENABLE_STRICT_OBJC_MSGSEND = YES;
				GCC_C_LANGUAGE_STANDARD = gnu11;
				GCC_NO_COMMON_BLOCKS = YES;
				GCC_WARN_64_TO_32_BIT_CONVERSION = YES;
				GCC_WARN_ABOUT_RETURN_TYPE = YES_ERROR;
				GCC_WARN_UNDECLARED_SELECTOR = YES;
				GCC_WARN_UNINITIALIZED_AUTOS = YES_AGGRESSIVE;
				GCC_WARN_UNUSED_FUNCTION = YES;
				GCC_WARN_UNUSED_VARIABLE = YES;
				IPHONEOS_DEPLOYMENT_TARGET = 12.2;
				MTL_ENABLE_DEBUG_INFO = NO;
				MTL_FAST_MATH = YES;
				SDKROOT = iphoneos;
				SWIFT_COMPILATION_MODE = wholemodule;
				SWIFT_OPTIMIZATION_LEVEL = "-O";
				VALIDATE_PRODUCT = YES;
			};
			name = Release;
		};
		080BFDF92271043A00F668F3 /* Debug */ = {
			isa = XCBuildConfiguration;
			baseConfigurationReference = 4421B9AA5D3E6523022444D0 /* Pods-kiosk.debug.xcconfig */;
			buildSettings = {
				ASSETCATALOG_COMPILER_APPICON_NAME = AppIcon;
				CODE_SIGN_STYLE = Automatic;
				DEVELOPMENT_TEAM = QC546GAP46;
				ENABLE_BITCODE = NO;
				FRAMEWORK_SEARCH_PATHS = (
					"$(inherited)",
					"$(PROJECT_DIR)",
				);
				INFOPLIST_FILE = kiosk/Info.plist;
				LD_RUNPATH_SEARCH_PATHS = (
					"$(inherited)",
					"@executable_path/Frameworks",
				);
				PRODUCT_BUNDLE_IDENTIFIER = com.dubtel.kiosk;
				PRODUCT_NAME = "$(TARGET_NAME)";
				SWIFT_OBJC_BRIDGING_HEADER = "$(SRCROOT)/$(PROJECT)/Bridging-Header.h";
				SWIFT_VERSION = 5.0;
				TARGETED_DEVICE_FAMILY = 2;
				USER_HEADER_SEARCH_PATHS = "";
			};
			name = Debug;
		};
		080BFDFA2271043A00F668F3 /* Release */ = {
			isa = XCBuildConfiguration;
			baseConfigurationReference = 881EE58E55B7155E3B6138FE /* Pods-kiosk.release.xcconfig */;
			buildSettings = {
				ASSETCATALOG_COMPILER_APPICON_NAME = AppIcon;
				CODE_SIGN_STYLE = Automatic;
				DEVELOPMENT_TEAM = QC546GAP46;
				ENABLE_BITCODE = NO;
				FRAMEWORK_SEARCH_PATHS = (
					"$(inherited)",
					"$(PROJECT_DIR)",
				);
				INFOPLIST_FILE = kiosk/Info.plist;
				LD_RUNPATH_SEARCH_PATHS = (
					"$(inherited)",
					"@executable_path/Frameworks",
				);
				PRODUCT_BUNDLE_IDENTIFIER = com.dubtel.kiosk;
				PRODUCT_NAME = "$(TARGET_NAME)";
				SWIFT_OBJC_BRIDGING_HEADER = "$(SRCROOT)/$(PROJECT)/Bridging-Header.h";
				SWIFT_VERSION = 5.0;
				TARGETED_DEVICE_FAMILY = 2;
				USER_HEADER_SEARCH_PATHS = "";
			};
			name = Release;
		};
/* End XCBuildConfiguration section */

/* Begin XCConfigurationList section */
		080BFDE12271043700F668F3 /* Build configuration list for PBXProject "kiosk" */ = {
			isa = XCConfigurationList;
			buildConfigurations = (
				080BFDF62271043A00F668F3 /* Debug */,
				080BFDF72271043A00F668F3 /* Release */,
			);
			defaultConfigurationIsVisible = 0;
			defaultConfigurationName = Release;
		};
		080BFDF82271043A00F668F3 /* Build configuration list for PBXNativeTarget "kiosk" */ = {
			isa = XCConfigurationList;
			buildConfigurations = (
				080BFDF92271043A00F668F3 /* Debug */,
				080BFDFA2271043A00F668F3 /* Release */,
			);
			defaultConfigurationIsVisible = 0;
			defaultConfigurationName = Release;
		};
/* End XCConfigurationList section */
	};
	rootObject = 080BFDDE2271043700F668F3 /* Project object */;
}
